
Microsoft Visual Studio Solution File, Format Version 12.00
# Visual Studio 15
VisualStudioVersion = 15.0.28307.329
MinimumVisualStudioVersion = 10.0.40219.1
Project("{9A19103F-16F7-4668-BE54-9A1E7A4F7556}") = "Blog", "Blog\Blog.csproj", "{BD36E3FC-E5A1-4E2A-A5D1-EF7BF443BE5C}"
EndProject
Project("{9A19103F-16F7-4668-BE54-9A1E7A4F7556}") = "MangoUserService", "MangoUserService\MangoUserService.csproj", "{29944491-B710-44D8-A6B5-FCDCB883C8FB}"
EndProject
Project("{9A19103F-16F7-4668-BE54-9A1E7A4F7556}") = "BlogClient", "BlogClient\BlogClient.csproj", "{658626C4-6950-43B3-A221-26C870D934C1}"
EndProject
Project("{9A19103F-16F7-4668-BE54-9A1E7A4F7556}") = "PublishSubscribeService", "PublishSubscribeService\PublishSubscribeService.csproj", "{742DBE7C-D4A1-4C10-915E-4FFB4822A69A}"
EndProject
Project("{FAE04EC0-301F-11D3-BF4B-00C04F79EFBC}") = "Test", "Test\Test.csproj", "{29F7313B-27B1-4C96-B0D2-B05DA7627DDA}"
EndProject
Global
	GlobalSection(SolutionConfigurationPlatforms) = preSolution
		Debug|Any CPU = Debug|Any CPU
		Release|Any CPU = Release|Any CPU
	EndGlobalSection
	GlobalSection(ProjectConfigurationPlatforms) = postSolution
		{BD36E3FC-E5A1-4E2A-A5D1-EF7BF443BE5C}.Debug|Any CPU.ActiveCfg = Debug|Any CPU
		{BD36E3FC-E5A1-4E2A-A5D1-EF7BF443BE5C}.Debug|Any CPU.Build.0 = Debug|Any CPU
		{BD36E3FC-E5A1-4E2A-A5D1-EF7BF443BE5C}.Release|Any CPU.ActiveCfg = Release|Any CPU
		{BD36E3FC-E5A1-4E2A-A5D1-EF7BF443BE5C}.Release|Any CPU.Build.0 = Release|Any CPU
		{29944491-B710-44D8-A6B5-FCDCB883C8FB}.Debug|Any CPU.ActiveCfg = Debug|Any CPU
		{29944491-B710-44D8-A6B5-FCDCB883C8FB}.Debug|Any CPU.Build.0 = Debug|Any CPU
		{29944491-B710-44D8-A6B5-FCDCB883C8FB}.Release|Any CPU.ActiveCfg = Release|Any CPU
		{29944491-B710-44D8-A6B5-FCDCB883C8FB}.Release|Any CPU.Build.0 = Release|Any CPU
		{658626C4-6950-43B3-A221-26C870D934C1}.Debug|Any CPU.ActiveCfg = Debug|Any CPU
		{658626C4-6950-43B3-A221-26C870D934C1}.Debug|Any CPU.Build.0 = Debug|Any CPU
		{658626C4-6950-43B3-A221-26C870D934C1}.Release|Any CPU.ActiveCfg = Release|Any CPU
		{658626C4-6950-43B3-A221-26C870D934C1}.Release|Any CPU.Build.0 = Release|Any CPU
		{742DBE7C-D4A1-4C10-915E-4FFB4822A69A}.Debug|Any CPU.ActiveCfg = Debug|Any CPU
		{742DBE7C-D4A1-4C10-915E-4FFB4822A69A}.Debug|Any CPU.Build.0 = Debug|Any CPU
		{742DBE7C-D4A1-4C10-915E-4FFB4822A69A}.Release|Any CPU.ActiveCfg = Release|Any CPU
		{742DBE7C-D4A1-4C10-915E-4FFB4822A69A}.Release|Any CPU.Build.0 = Release|Any CPU
		{29F7313B-27B1-4C96-B0D2-B05DA7627DDA}.Debug|Any CPU.ActiveCfg = Debug|Any CPU
		{29F7313B-27B1-4C96-B0D2-B05DA7627DDA}.Debug|Any CPU.Build.0 = Debug|Any CPU
		{29F7313B-27B1-4C96-B0D2-B05DA7627DDA}.Release|Any CPU.ActiveCfg = Release|Any CPU
		{29F7313B-27B1-4C96-B0D2-B05DA7627DDA}.Release|Any CPU.Build.0 = Release|Any CPU
	EndGlobalSection
	GlobalSection(SolutionProperties) = preSolution
		HideSolutionNode = FALSE
	EndGlobalSection
	GlobalSection(ExtensibilityGlobals) = postSolution
		SolutionGuid = {C560517E-C4F1-4C98-9F49-A6FD4651D020}
	EndGlobalSection
EndGlobal
