
Microsoft Visual Studio Solution File, Format Version 12.00
# Visual Studio 15
VisualStudioVersion = 15.0.28307.779
MinimumVisualStudioVersion = 10.0.40219.1
Project("{9A19103F-16F7-4668-BE54-9A1E7A4F7556}") = "MangoBlog", "MangoBlog\MangoBlog.csproj", "{38EA17ED-E066-450B-8EA7-BEFD057E5472}"
EndProject
Project("{FAE04EC0-301F-11D3-BF4B-00C04F79EFBC}") = "MangoBlogTest", "MangoBlogTest\MangoBlogTest.csproj", "{96924216-6CAC-404F-A80E-8B020CAB12A1}"
EndProject
Global
	GlobalSection(SolutionConfigurationPlatforms) = preSolution
		Debug|Any CPU = Debug|Any CPU
		Release|Any CPU = Release|Any CPU
	EndGlobalSection
	GlobalSection(ProjectConfigurationPlatforms) = postSolution
		{38EA17ED-E066-450B-8EA7-BEFD057E5472}.Debug|Any CPU.ActiveCfg = Debug|Any CPU
		{38EA17ED-E066-450B-8EA7-BEFD057E5472}.Debug|Any CPU.Build.0 = Debug|Any CPU
		{38EA17ED-E066-450B-8EA7-BEFD057E5472}.Release|Any CPU.ActiveCfg = Release|Any CPU
		{38EA17ED-E066-450B-8EA7-BEFD057E5472}.Release|Any CPU.Build.0 = Release|Any CPU
		{96924216-6CAC-404F-A80E-8B020CAB12A1}.Debug|Any CPU.ActiveCfg = Debug|Any CPU
		{96924216-6CAC-404F-A80E-8B020CAB12A1}.Debug|Any CPU.Build.0 = Debug|Any CPU
		{96924216-6CAC-404F-A80E-8B020CAB12A1}.Release|Any CPU.ActiveCfg = Release|Any CPU
		{96924216-6CAC-404F-A80E-8B020CAB12A1}.Release|Any CPU.Build.0 = Release|Any CPU
	EndGlobalSection
	GlobalSection(SolutionProperties) = preSolution
		HideSolutionNode = FALSE
	EndGlobalSection
	GlobalSection(ExtensibilityGlobals) = postSolution
		SolutionGuid = {D18091B7-230A-4E8E-A935-FD3838E65831}
	EndGlobalSection
EndGlobal
